
Microsoft Visual Studio Solution File, Format Version 12.00
# Visual Studio Version 17
VisualStudioVersion = 17.11.35327.3
MinimumVisualStudioVersion = 10.0.40219.1
Project("{9A19103F-16F7-4668-BE54-9A1E7A4F7556}") = "WinFormsLab1.net", "WinFormsLab1.net.csproj", "{96868B80-5117-458E-8CEE-04C97063D58C}"
EndProject
Project("{FAE04EC0-301F-11D3-BF4B-00C04F79EFBC}") = "lab3_test", "..\lab3_test\lab3_test.csproj", "{29324850-3243-4402-93FF-F003B0D9439E}"
EndProject
Global
	GlobalSection(SolutionConfigurationPlatforms) = preSolution
		Debug|Any CPU = Debug|Any CPU
		Release|Any CPU = Release|Any CPU
	EndGlobalSection
	GlobalSection(ProjectConfigurationPlatforms) = postSolution
		{96868B80-5117-458E-8CEE-04C97063D58C}.Debug|Any CPU.ActiveCfg = Debug|Any CPU
		{96868B80-5117-458E-8CEE-04C97063D58C}.Debug|Any CPU.Build.0 = Debug|Any CPU
		{96868B80-5117-458E-8CEE-04C97063D58C}.Release|Any CPU.ActiveCfg = Release|Any CPU
		{96868B80-5117-458E-8CEE-04C97063D58C}.Release|Any CPU.Build.0 = Release|Any CPU
		{29324850-3243-4402-93FF-F003B0D9439E}.Debug|Any CPU.ActiveCfg = Debug|Any CPU
		{29324850-3243-4402-93FF-F003B0D9439E}.Debug|Any CPU.Build.0 = Debug|Any CPU
		{29324850-3243-4402-93FF-F003B0D9439E}.Release|Any CPU.ActiveCfg = Release|Any CPU
		{29324850-3243-4402-93FF-F003B0D9439E}.Release|Any CPU.Build.0 = Release|Any CPU
	EndGlobalSection
	GlobalSection(SolutionProperties) = preSolution
		HideSolutionNode = FALSE
	EndGlobalSection
	GlobalSection(ExtensibilityGlobals) = postSolution
		SolutionGuid = {7373324C-A1FF-4421-93F0-0BCA265B3F33}
	EndGlobalSection
EndGlobal
